{
  "bundle_id": "tax-calc",
  "version": "1.1.0",
  "workbook_hash": "b0b85e69dcae2c353faeee2ddf4c94e1f3c493549330ee7733cc02c650e12c09",
  "artifacts": {
    "executable": "f041a219a8474e9388a055de1f7e6b138545eaa9c4b06ff78362616e4b6708d1",
    "manifest": "28915b548b7b489586c7d561385dfcb37426cc927d7ac344685359719995e895",
    "evidence": "4ea020189b3b05369bdc47d5f941471a8234bdff2817e5e81f10ecfd45b1b175"
  },
  "combined": "f03cbc567881ddec291b38549ab51bd181fd0e3a45f22b01e4c6ff063d5b3e26"
}